
Microsoft Visual Studio Solution File, Format Version 12.00
# Visual Studio Version 17
VisualStudioVersion = 17.8.34322.80
MinimumVisualStudioVersion = 10.0.40219.1
Project("{FAE04EC0-301F-11D3-BF4B-00C04F79EFBC}") = "ConsoleApp1", "ConsoleApp1\ConsoleApp1.csproj", "{888DE59E-2D4A-47CA-9525-B9B45481587D}"
EndProject
Global
	GlobalSection(SolutionConfigurationPlatforms) = preSolution
		Debug|Any CPU = Debug|Any CPU
		Release|Any CPU = Release|Any CPU
	EndGlobalSection
	GlobalSection(ProjectConfigurationPlatforms) = postSolution
		{888DE59E-2D4A-47CA-9525-B9B45481587D}.Debug|Any CPU.ActiveCfg = Debug|Any CPU
		{888DE59E-2D4A-47CA-9525-B9B45481587D}.Debug|Any CPU.Build.0 = Debug|Any CPU
		{888DE59E-2D4A-47CA-9525-B9B45481587D}.Release|Any CPU.ActiveCfg = Release|Any CPU
		{888DE59E-2D4A-47CA-9525-B9B45481587D}.Release|Any CPU.Build.0 = Release|Any CPU
	EndGlobalSection
	GlobalSection(SolutionProperties) = preSolution
		HideSolutionNode = FALSE
	EndGlobalSection
	GlobalSection(ExtensibilityGlobals) = postSolution
		SolutionGuid = {BED96531-E633-4390-BBFB-7A70DC48C60E}
	EndGlobalSection
EndGlobal
